
Microsoft Visual Studio Solution File, Format Version 12.00
# Visual Studio Version 17
VisualStudioVersion = 17.5.33516.290
MinimumVisualStudioVersion = 10.0.40219.1
Project("{FAE04EC0-301F-11D3-BF4B-00C04F79EFBC}") = "Mission12avz1016", "Mission12avz1016.csproj", "{C57E9888-1B93-4DC6-9D54-24448020C744}"
EndProject
Global
	GlobalSection(SolutionConfigurationPlatforms) = preSolution
		Debug|Any CPU = Debug|Any CPU
		Release|Any CPU = Release|Any CPU
	EndGlobalSection
	GlobalSection(ProjectConfigurationPlatforms) = postSolution
		{C57E9888-1B93-4DC6-9D54-24448020C744}.Debug|Any CPU.ActiveCfg = Debug|Any CPU
		{C57E9888-1B93-4DC6-9D54-24448020C744}.Debug|Any CPU.Build.0 = Debug|Any CPU
		{C57E9888-1B93-4DC6-9D54-24448020C744}.Release|Any CPU.ActiveCfg = Release|Any CPU
		{C57E9888-1B93-4DC6-9D54-24448020C744}.Release|Any CPU.Build.0 = Release|Any CPU
	EndGlobalSection
	GlobalSection(SolutionProperties) = preSolution
		HideSolutionNode = FALSE
	EndGlobalSection
	GlobalSection(ExtensibilityGlobals) = postSolution
		SolutionGuid = {780C1700-0F94-48A2-9D51-C5F7BBBDDE38}
	EndGlobalSection
EndGlobal
